
Microsoft Visual Studio Solution File, Format Version 11.00
# Visual Studio 2010
Project("{FAE04EC0-301F-11D3-BF4B-00C04F79EFBC}") = "SampleApplicationAddin2", "SampleApplicationAddin2\SampleApplicationAddin2.csproj", "{D85368C0-409E-412F-9ECE-749285BCE055}"
EndProject
Global
	GlobalSection(SolutionConfigurationPlatforms) = preSolution
		Debug|Any CPU = Debug|Any CPU
		Release|Any CPU = Release|Any CPU
	EndGlobalSection
	GlobalSection(ProjectConfigurationPlatforms) = postSolution
		{D85368C0-409E-412F-9ECE-749285BCE055}.Debug|Any CPU.ActiveCfg = Debug|Any CPU
		{D85368C0-409E-412F-9ECE-749285BCE055}.Debug|Any CPU.Build.0 = Debug|Any CPU
		{D85368C0-409E-412F-9ECE-749285BCE055}.Release|Any CPU.ActiveCfg = Release|Any CPU
		{D85368C0-409E-412F-9ECE-749285BCE055}.Release|Any CPU.Build.0 = Release|Any CPU
	EndGlobalSection
	GlobalSection(SolutionProperties) = preSolution
		HideSolutionNode = FALSE
	EndGlobalSection
EndGlobal
